
Microsoft Visual Studio Solution File, Format Version 12.00
# Visual Studio Version 17
VisualStudioVersion = 17.0.31903.59
MinimumVisualStudioVersion = 10.0.40219.1
Project("{2150E333-8FDC-42A3-9474-1A3956D46DE8}") = "gateway", "gateway", "{E7BDDBC6-9FD1-D1D7-ACD8-2C4F8E3D2461}"
EndProject
Project("{FAE04EC0-301F-11D3-BF4B-00C04F79EFBC}") = "ApiGateway", "gateway\ApiGateway\ApiGateway.csproj", "{BD91B9C7-FD16-4653-A0AC-B7FB51D7B1D0}"
EndProject
Project("{2150E333-8FDC-42A3-9474-1A3956D46DE8}") = "services", "services", "{5854FF58-B8C5-05C6-5BF2-ACE42193F22B}"
EndProject
Project("{2150E333-8FDC-42A3-9474-1A3956D46DE8}") = "property-booking", "property-booking", "{DB9165B3-6E74-A523-83CA-3B60CC33E146}"
EndProject
Project("{FAE04EC0-301F-11D3-BF4B-00C04F79EFBC}") = "PropertyBooking.Api", "services\property-booking\PropertyBooking.Api\PropertyBooking.Api.csproj", "{86311F0F-1FA7-4FE0-9695-6AE9D709AE14}"
EndProject
Global
	GlobalSection(SolutionConfigurationPlatforms) = preSolution
		Debug|Any CPU = Debug|Any CPU
		Debug|x64 = Debug|x64
		Debug|x86 = Debug|x86
		Release|Any CPU = Release|Any CPU
		Release|x64 = Release|x64
		Release|x86 = Release|x86
	EndGlobalSection
	GlobalSection(ProjectConfigurationPlatforms) = postSolution
		{BD91B9C7-FD16-4653-A0AC-B7FB51D7B1D0}.Debug|Any CPU.ActiveCfg = Debug|Any CPU
		{BD91B9C7-FD16-4653-A0AC-B7FB51D7B1D0}.Debug|Any CPU.Build.0 = Debug|Any CPU
		{BD91B9C7-FD16-4653-A0AC-B7FB51D7B1D0}.Debug|x64.ActiveCfg = Debug|Any CPU
		{BD91B9C7-FD16-4653-A0AC-B7FB51D7B1D0}.Debug|x64.Build.0 = Debug|Any CPU
		{BD91B9C7-FD16-4653-A0AC-B7FB51D7B1D0}.Debug|x86.ActiveCfg = Debug|Any CPU
		{BD91B9C7-FD16-4653-A0AC-B7FB51D7B1D0}.Debug|x86.Build.0 = Debug|Any CPU
		{BD91B9C7-FD16-4653-A0AC-B7FB51D7B1D0}.Release|Any CPU.ActiveCfg = Release|Any CPU
		{BD91B9C7-FD16-4653-A0AC-B7FB51D7B1D0}.Release|Any CPU.Build.0 = Release|Any CPU
		{BD91B9C7-FD16-4653-A0AC-B7FB51D7B1D0}.Release|x64.ActiveCfg = Release|Any CPU
		{BD91B9C7-FD16-4653-A0AC-B7FB51D7B1D0}.Release|x64.Build.0 = Release|Any CPU
		{BD91B9C7-FD16-4653-A0AC-B7FB51D7B1D0}.Release|x86.ActiveCfg = Release|Any CPU
		{BD91B9C7-FD16-4653-A0AC-B7FB51D7B1D0}.Release|x86.Build.0 = Release|Any CPU
		{86311F0F-1FA7-4FE0-9695-6AE9D709AE14}.Debug|Any CPU.ActiveCfg = Debug|Any CPU
		{86311F0F-1FA7-4FE0-9695-6AE9D709AE14}.Debug|Any CPU.Build.0 = Debug|Any CPU
		{86311F0F-1FA7-4FE0-9695-6AE9D709AE14}.Debug|x64.ActiveCfg = Debug|Any CPU
		{86311F0F-1FA7-4FE0-9695-6AE9D709AE14}.Debug|x64.Build.0 = Debug|Any CPU
		{86311F0F-1FA7-4FE0-9695-6AE9D709AE14}.Debug|x86.ActiveCfg = Debug|Any CPU
		{86311F0F-1FA7-4FE0-9695-6AE9D709AE14}.Debug|x86.Build.0 = Debug|Any CPU
		{86311F0F-1FA7-4FE0-9695-6AE9D709AE14}.Release|Any CPU.ActiveCfg = Release|Any CPU
		{86311F0F-1FA7-4FE0-9695-6AE9D709AE14}.Release|Any CPU.Build.0 = Release|Any CPU
		{86311F0F-1FA7-4FE0-9695-6AE9D709AE14}.Release|x64.ActiveCfg = Release|Any CPU
		{86311F0F-1FA7-4FE0-9695-6AE9D709AE14}.Release|x64.Build.0 = Release|Any CPU
		{86311F0F-1FA7-4FE0-9695-6AE9D709AE14}.Release|x86.ActiveCfg = Release|Any CPU
		{86311F0F-1FA7-4FE0-9695-6AE9D709AE14}.Release|x86.Build.0 = Release|Any CPU
	EndGlobalSection
	GlobalSection(SolutionProperties) = preSolution
		HideSolutionNode = FALSE
	EndGlobalSection
	GlobalSection(NestedProjects) = preSolution
		{BD91B9C7-FD16-4653-A0AC-B7FB51D7B1D0} = {E7BDDBC6-9FD1-D1D7-ACD8-2C4F8E3D2461}
		{DB9165B3-6E74-A523-83CA-3B60CC33E146} = {5854FF58-B8C5-05C6-5BF2-ACE42193F22B}
		{86311F0F-1FA7-4FE0-9695-6AE9D709AE14} = {DB9165B3-6E74-A523-83CA-3B60CC33E146}
	EndGlobalSection
EndGlobal
