
Microsoft Visual Studio Solution File, Format Version 12.00
# Visual Studio Version 17
VisualStudioVersion = 17.0.31903.59
MinimumVisualStudioVersion = 10.0.40219.1
Project("{2150E333-8FDC-42A3-9474-1A3956D46DE8}") = "Gateway", "Gateway", "{E7BDDBC6-9FD1-D1D7-ACD8-2C4F8E3D2461}"
EndProject
Project("{FAE04EC0-301F-11D3-BF4B-00C04F79EFBC}") = "GatewayApi", "Gateway\GatewayApi\GatewayApi.csproj", "{561FDD96-01C0-4E6D-858F-80A976D6A0FC}"
EndProject
Project("{2150E333-8FDC-42A3-9474-1A3956D46DE8}") = "Services", "Services", "{5854FF58-B8C5-05C6-5BF2-ACE42193F22B}"
EndProject
Project("{2150E333-8FDC-42A3-9474-1A3956D46DE8}") = "AuthManagmentSystem", "AuthManagmentSystem", "{066C7971-5158-793A-2D8D-AF9DE7EEE7A7}"
EndProject
Project("{FAE04EC0-301F-11D3-BF4B-00C04F79EFBC}") = "Presentation", "Services\AuthManagmentSystem\Presentation\Presentation.csproj", "{D23B3814-5E5C-4271-AF94-9929054AF4DA}"
EndProject
Project("{FAE04EC0-301F-11D3-BF4B-00C04F79EFBC}") = "Application", "Services\AuthManagmentSystem\Application\Application.csproj", "{432D3BE5-C13A-423D-BADE-728DB2E505E4}"
EndProject
Project("{FAE04EC0-301F-11D3-BF4B-00C04F79EFBC}") = "Shared", "Services\AuthManagmentSystem\Shared\Shared.csproj", "{70EF6E2B-9CF0-437F-AF25-703F716895BA}"
EndProject
Project("{FAE04EC0-301F-11D3-BF4B-00C04F79EFBC}") = "Infrastructure", "Services\AuthManagmentSystem\Infrastructure\Infrastructure.csproj", "{79D3B062-CCAB-4891-AED9-328629A109C2}"
EndProject
Project("{2150E333-8FDC-42A3-9474-1A3956D46DE8}") = "UsersManagementSystem", "UsersManagementSystem", "{560605E5-F43B-94CD-3659-2347AB439A10}"
EndProject
Project("{FAE04EC0-301F-11D3-BF4B-00C04F79EFBC}") = "Presentation", "Services\UsersManagementSystem\Presentation\Presentation.csproj", "{488C6E63-D3E0-45AA-81A6-132C8F3AC81C}"
EndProject
Project("{FAE04EC0-301F-11D3-BF4B-00C04F79EFBC}") = "Application", "Services\UsersManagementSystem\Application\Application.csproj", "{3CC7A52D-F609-4CC2-8B8E-0046B500901A}"
EndProject
Project("{FAE04EC0-301F-11D3-BF4B-00C04F79EFBC}") = "Domain", "Services\UsersManagementSystem\Domain\Domain.csproj", "{9C1D82D4-E7FB-44A0-A89E-B5058D1BC283}"
EndProject
Project("{FAE04EC0-301F-11D3-BF4B-00C04F79EFBC}") = "Infrastructure", "Services\UsersManagementSystem\Infrastructure\Infrastructure.csproj", "{6AAC2E98-0593-4371-A810-9FB62AF9816C}"
EndProject
Project("{2150E333-8FDC-42A3-9474-1A3956D46DE8}") = "PropertyBookingManagementSystem", "PropertyBookingManagementSystem", "{99804AA3-6D1B-C9A5-7FD3-5C029286F222}"
EndProject
Project("{FAE04EC0-301F-11D3-BF4B-00C04F79EFBC}") = "Application", "Services\PropertyBookingManagementSystem\Application\Application.csproj", "{6EC4F2C2-08D7-4924-AB1B-C323D3C36C78}"
EndProject
Project("{FAE04EC0-301F-11D3-BF4B-00C04F79EFBC}") = "Domain", "Services\PropertyBookingManagementSystem\Domain\Domain.csproj", "{1F12CEF7-5DA5-442E-8D77-DA7C31326D12}"
EndProject
Project("{FAE04EC0-301F-11D3-BF4B-00C04F79EFBC}") = "Infrastructure", "Services\PropertyBookingManagementSystem\Infrastructure\Infrastructure.csproj", "{3BCF9A48-AE6B-4687-A896-D1B63644AA3A}"
EndProject
Project("{FAE04EC0-301F-11D3-BF4B-00C04F79EFBC}") = "Presentation", "Services\PropertyBookingManagementSystem\Presentation\Presentation.csproj", "{5D6B1310-BD12-492A-98C6-4BFEBEBE6243}"
EndProject
Project("{2150E333-8FDC-42A3-9474-1A3956D46DE8}") = "Shared", "Shared", "{4F52FD11-658E-A102-6CD3-7D7C16FFA15B}"
EndProject
Project("{FAE04EC0-301F-11D3-BF4B-00C04F79EFBC}") = "Contracts", "Shared\Contracts\Contracts.csproj", "{EBED4643-A49B-4635-899F-AA21D6241E2F}"
EndProject
Global
	GlobalSection(SolutionConfigurationPlatforms) = preSolution
		Debug|Any CPU = Debug|Any CPU
		Debug|x64 = Debug|x64
		Debug|x86 = Debug|x86
		Release|Any CPU = Release|Any CPU
		Release|x64 = Release|x64
		Release|x86 = Release|x86
	EndGlobalSection
	GlobalSection(ProjectConfigurationPlatforms) = postSolution
		{561FDD96-01C0-4E6D-858F-80A976D6A0FC}.Debug|Any CPU.ActiveCfg = Debug|Any CPU
		{561FDD96-01C0-4E6D-858F-80A976D6A0FC}.Debug|Any CPU.Build.0 = Debug|Any CPU
		{561FDD96-01C0-4E6D-858F-80A976D6A0FC}.Debug|x64.ActiveCfg = Debug|Any CPU
		{561FDD96-01C0-4E6D-858F-80A976D6A0FC}.Debug|x64.Build.0 = Debug|Any CPU
		{561FDD96-01C0-4E6D-858F-80A976D6A0FC}.Debug|x86.ActiveCfg = Debug|Any CPU
		{561FDD96-01C0-4E6D-858F-80A976D6A0FC}.Debug|x86.Build.0 = Debug|Any CPU
		{561FDD96-01C0-4E6D-858F-80A976D6A0FC}.Release|Any CPU.ActiveCfg = Release|Any CPU
		{561FDD96-01C0-4E6D-858F-80A976D6A0FC}.Release|Any CPU.Build.0 = Release|Any CPU
		{561FDD96-01C0-4E6D-858F-80A976D6A0FC}.Release|x64.ActiveCfg = Release|Any CPU
		{561FDD96-01C0-4E6D-858F-80A976D6A0FC}.Release|x64.Build.0 = Release|Any CPU
		{561FDD96-01C0-4E6D-858F-80A976D6A0FC}.Release|x86.ActiveCfg = Release|Any CPU
		{561FDD96-01C0-4E6D-858F-80A976D6A0FC}.Release|x86.Build.0 = Release|Any CPU
		{D23B3814-5E5C-4271-AF94-9929054AF4DA}.Debug|Any CPU.ActiveCfg = Debug|Any CPU
		{D23B3814-5E5C-4271-AF94-9929054AF4DA}.Debug|Any CPU.Build.0 = Debug|Any CPU
		{D23B3814-5E5C-4271-AF94-9929054AF4DA}.Debug|x64.ActiveCfg = Debug|Any CPU
		{D23B3814-5E5C-4271-AF94-9929054AF4DA}.Debug|x64.Build.0 = Debug|Any CPU
		{D23B3814-5E5C-4271-AF94-9929054AF4DA}.Debug|x86.ActiveCfg = Debug|Any CPU
		{D23B3814-5E5C-4271-AF94-9929054AF4DA}.Debug|x86.Build.0 = Debug|Any CPU
		{D23B3814-5E5C-4271-AF94-9929054AF4DA}.Release|Any CPU.ActiveCfg = Release|Any CPU
		{D23B3814-5E5C-4271-AF94-9929054AF4DA}.Release|Any CPU.Build.0 = Release|Any CPU
		{D23B3814-5E5C-4271-AF94-9929054AF4DA}.Release|x64.ActiveCfg = Release|Any CPU
		{D23B3814-5E5C-4271-AF94-9929054AF4DA}.Release|x64.Build.0 = Release|Any CPU
		{D23B3814-5E5C-4271-AF94-9929054AF4DA}.Release|x86.ActiveCfg = Release|Any CPU
		{D23B3814-5E5C-4271-AF94-9929054AF4DA}.Release|x86.Build.0 = Release|Any CPU
		{432D3BE5-C13A-423D-BADE-728DB2E505E4}.Debug|Any CPU.ActiveCfg = Debug|Any CPU
		{432D3BE5-C13A-423D-BADE-728DB2E505E4}.Debug|Any CPU.Build.0 = Debug|Any CPU
		{432D3BE5-C13A-423D-BADE-728DB2E505E4}.Debug|x64.ActiveCfg = Debug|Any CPU
		{432D3BE5-C13A-423D-BADE-728DB2E505E4}.Debug|x64.Build.0 = Debug|Any CPU
		{432D3BE5-C13A-423D-BADE-728DB2E505E4}.Debug|x86.ActiveCfg = Debug|Any CPU
		{432D3BE5-C13A-423D-BADE-728DB2E505E4}.Debug|x86.Build.0 = Debug|Any CPU
		{432D3BE5-C13A-423D-BADE-728DB2E505E4}.Release|Any CPU.ActiveCfg = Release|Any CPU
		{432D3BE5-C13A-423D-BADE-728DB2E505E4}.Release|Any CPU.Build.0 = Release|Any CPU
		{432D3BE5-C13A-423D-BADE-728DB2E505E4}.Release|x64.ActiveCfg = Release|Any CPU
		{432D3BE5-C13A-423D-BADE-728DB2E505E4}.Release|x64.Build.0 = Release|Any CPU
		{432D3BE5-C13A-423D-BADE-728DB2E505E4}.Release|x86.ActiveCfg = Release|Any CPU
		{432D3BE5-C13A-423D-BADE-728DB2E505E4}.Release|x86.Build.0 = Release|Any CPU
		{70EF6E2B-9CF0-437F-AF25-703F716895BA}.Debug|Any CPU.ActiveCfg = Debug|Any CPU
		{70EF6E2B-9CF0-437F-AF25-703F716895BA}.Debug|Any CPU.Build.0 = Debug|Any CPU
		{70EF6E2B-9CF0-437F-AF25-703F716895BA}.Debug|x64.ActiveCfg = Debug|Any CPU
		{70EF6E2B-9CF0-437F-AF25-703F716895BA}.Debug|x64.Build.0 = Debug|Any CPU
		{70EF6E2B-9CF0-437F-AF25-703F716895BA}.Debug|x86.ActiveCfg = Debug|Any CPU
		{70EF6E2B-9CF0-437F-AF25-703F716895BA}.Debug|x86.Build.0 = Debug|Any CPU
		{70EF6E2B-9CF0-437F-AF25-703F716895BA}.Release|Any CPU.ActiveCfg = Release|Any CPU
		{70EF6E2B-9CF0-437F-AF25-703F716895BA}.Release|Any CPU.Build.0 = Release|Any CPU
		{70EF6E2B-9CF0-437F-AF25-703F716895BA}.Release|x64.ActiveCfg = Release|Any CPU
		{70EF6E2B-9CF0-437F-AF25-703F716895BA}.Release|x64.Build.0 = Release|Any CPU
		{70EF6E2B-9CF0-437F-AF25-703F716895BA}.Release|x86.ActiveCfg = Release|Any CPU
		{70EF6E2B-9CF0-437F-AF25-703F716895BA}.Release|x86.Build.0 = Release|Any CPU
		{79D3B062-CCAB-4891-AED9-328629A109C2}.Debug|Any CPU.ActiveCfg = Debug|Any CPU
		{79D3B062-CCAB-4891-AED9-328629A109C2}.Debug|Any CPU.Build.0 = Debug|Any CPU
		{79D3B062-CCAB-4891-AED9-328629A109C2}.Debug|x64.ActiveCfg = Debug|Any CPU
		{79D3B062-CCAB-4891-AED9-328629A109C2}.Debug|x64.Build.0 = Debug|Any CPU
		{79D3B062-CCAB-4891-AED9-328629A109C2}.Debug|x86.ActiveCfg = Debug|Any CPU
		{79D3B062-CCAB-4891-AED9-328629A109C2}.Debug|x86.Build.0 = Debug|Any CPU
		{79D3B062-CCAB-4891-AED9-328629A109C2}.Release|Any CPU.ActiveCfg = Release|Any CPU
		{79D3B062-CCAB-4891-AED9-328629A109C2}.Release|Any CPU.Build.0 = Release|Any CPU
		{79D3B062-CCAB-4891-AED9-328629A109C2}.Release|x64.ActiveCfg = Release|Any CPU
		{79D3B062-CCAB-4891-AED9-328629A109C2}.Release|x64.Build.0 = Release|Any CPU
		{79D3B062-CCAB-4891-AED9-328629A109C2}.Release|x86.ActiveCfg = Release|Any CPU
		{79D3B062-CCAB-4891-AED9-328629A109C2}.Release|x86.Build.0 = Release|Any CPU
		{488C6E63-D3E0-45AA-81A6-132C8F3AC81C}.Debug|Any CPU.ActiveCfg = Debug|Any CPU
		{488C6E63-D3E0-45AA-81A6-132C8F3AC81C}.Debug|Any CPU.Build.0 = Debug|Any CPU
		{488C6E63-D3E0-45AA-81A6-132C8F3AC81C}.Debug|x64.ActiveCfg = Debug|Any CPU
		{488C6E63-D3E0-45AA-81A6-132C8F3AC81C}.Debug|x64.Build.0 = Debug|Any CPU
		{488C6E63-D3E0-45AA-81A6-132C8F3AC81C}.Debug|x86.ActiveCfg = Debug|Any CPU
		{488C6E63-D3E0-45AA-81A6-132C8F3AC81C}.Debug|x86.Build.0 = Debug|Any CPU
		{488C6E63-D3E0-45AA-81A6-132C8F3AC81C}.Release|Any CPU.ActiveCfg = Release|Any CPU
		{488C6E63-D3E0-45AA-81A6-132C8F3AC81C}.Release|Any CPU.Build.0 = Release|Any CPU
		{488C6E63-D3E0-45AA-81A6-132C8F3AC81C}.Release|x64.ActiveCfg = Release|Any CPU
		{488C6E63-D3E0-45AA-81A6-132C8F3AC81C}.Release|x64.Build.0 = Release|Any CPU
		{488C6E63-D3E0-45AA-81A6-132C8F3AC81C}.Release|x86.ActiveCfg = Release|Any CPU
		{488C6E63-D3E0-45AA-81A6-132C8F3AC81C}.Release|x86.Build.0 = Release|Any CPU
		{3CC7A52D-F609-4CC2-8B8E-0046B500901A}.Debug|Any CPU.ActiveCfg = Debug|Any CPU
		{3CC7A52D-F609-4CC2-8B8E-0046B500901A}.Debug|Any CPU.Build.0 = Debug|Any CPU
		{3CC7A52D-F609-4CC2-8B8E-0046B500901A}.Debug|x64.ActiveCfg = Debug|Any CPU
		{3CC7A52D-F609-4CC2-8B8E-0046B500901A}.Debug|x64.Build.0 = Debug|Any CPU
		{3CC7A52D-F609-4CC2-8B8E-0046B500901A}.Debug|x86.ActiveCfg = Debug|Any CPU
		{3CC7A52D-F609-4CC2-8B8E-0046B500901A}.Debug|x86.Build.0 = Debug|Any CPU
		{3CC7A52D-F609-4CC2-8B8E-0046B500901A}.Release|Any CPU.ActiveCfg = Release|Any CPU
		{3CC7A52D-F609-4CC2-8B8E-0046B500901A}.Release|Any CPU.Build.0 = Release|Any CPU
		{3CC7A52D-F609-4CC2-8B8E-0046B500901A}.Release|x64.ActiveCfg = Release|Any CPU
		{3CC7A52D-F609-4CC2-8B8E-0046B500901A}.Release|x64.Build.0 = Release|Any CPU
		{3CC7A52D-F609-4CC2-8B8E-0046B500901A}.Release|x86.ActiveCfg = Release|Any CPU
		{3CC7A52D-F609-4CC2-8B8E-0046B500901A}.Release|x86.Build.0 = Release|Any CPU
		{9C1D82D4-E7FB-44A0-A89E-B5058D1BC283}.Debug|Any CPU.ActiveCfg = Debug|Any CPU
		{9C1D82D4-E7FB-44A0-A89E-B5058D1BC283}.Debug|Any CPU.Build.0 = Debug|Any CPU
		{9C1D82D4-E7FB-44A0-A89E-B5058D1BC283}.Debug|x64.ActiveCfg = Debug|Any CPU
		{9C1D82D4-E7FB-44A0-A89E-B5058D1BC283}.Debug|x64.Build.0 = Debug|Any CPU
		{9C1D82D4-E7FB-44A0-A89E-B5058D1BC283}.Debug|x86.ActiveCfg = Debug|Any CPU
		{9C1D82D4-E7FB-44A0-A89E-B5058D1BC283}.Debug|x86.Build.0 = Debug|Any CPU
		{9C1D82D4-E7FB-44A0-A89E-B5058D1BC283}.Release|Any CPU.ActiveCfg = Release|Any CPU
		{9C1D82D4-E7FB-44A0-A89E-B5058D1BC283}.Release|Any CPU.Build.0 = Release|Any CPU
		{9C1D82D4-E7FB-44A0-A89E-B5058D1BC283}.Release|x64.ActiveCfg = Release|Any CPU
		{9C1D82D4-E7FB-44A0-A89E-B5058D1BC283}.Release|x64.Build.0 = Release|Any CPU
		{9C1D82D4-E7FB-44A0-A89E-B5058D1BC283}.Release|x86.ActiveCfg = Release|Any CPU
		{9C1D82D4-E7FB-44A0-A89E-B5058D1BC283}.Release|x86.Build.0 = Release|Any CPU
		{6AAC2E98-0593-4371-A810-9FB62AF9816C}.Debug|Any CPU.ActiveCfg = Debug|Any CPU
		{6AAC2E98-0593-4371-A810-9FB62AF9816C}.Debug|Any CPU.Build.0 = Debug|Any CPU
		{6AAC2E98-0593-4371-A810-9FB62AF9816C}.Debug|x64.ActiveCfg = Debug|Any CPU
		{6AAC2E98-0593-4371-A810-9FB62AF9816C}.Debug|x64.Build.0 = Debug|Any CPU
		{6AAC2E98-0593-4371-A810-9FB62AF9816C}.Debug|x86.ActiveCfg = Debug|Any CPU
		{6AAC2E98-0593-4371-A810-9FB62AF9816C}.Debug|x86.Build.0 = Debug|Any CPU
		{6AAC2E98-0593-4371-A810-9FB62AF9816C}.Release|Any CPU.ActiveCfg = Release|Any CPU
		{6AAC2E98-0593-4371-A810-9FB62AF9816C}.Release|Any CPU.Build.0 = Release|Any CPU
		{6AAC2E98-0593-4371-A810-9FB62AF9816C}.Release|x64.ActiveCfg = Release|Any CPU
		{6AAC2E98-0593-4371-A810-9FB62AF9816C}.Release|x64.Build.0 = Release|Any CPU
		{6AAC2E98-0593-4371-A810-9FB62AF9816C}.Release|x86.ActiveCfg = Release|Any CPU
		{6AAC2E98-0593-4371-A810-9FB62AF9816C}.Release|x86.Build.0 = Release|Any CPU
		{6EC4F2C2-08D7-4924-AB1B-C323D3C36C78}.Debug|Any CPU.ActiveCfg = Debug|Any CPU
		{6EC4F2C2-08D7-4924-AB1B-C323D3C36C78}.Debug|Any CPU.Build.0 = Debug|Any CPU
		{6EC4F2C2-08D7-4924-AB1B-C323D3C36C78}.Debug|x64.ActiveCfg = Debug|Any CPU
		{6EC4F2C2-08D7-4924-AB1B-C323D3C36C78}.Debug|x64.Build.0 = Debug|Any CPU
		{6EC4F2C2-08D7-4924-AB1B-C323D3C36C78}.Debug|x86.ActiveCfg = Debug|Any CPU
		{6EC4F2C2-08D7-4924-AB1B-C323D3C36C78}.Debug|x86.Build.0 = Debug|Any CPU
		{6EC4F2C2-08D7-4924-AB1B-C323D3C36C78}.Release|Any CPU.ActiveCfg = Release|Any CPU
		{6EC4F2C2-08D7-4924-AB1B-C323D3C36C78}.Release|Any CPU.Build.0 = Release|Any CPU
		{6EC4F2C2-08D7-4924-AB1B-C323D3C36C78}.Release|x64.ActiveCfg = Release|Any CPU
		{6EC4F2C2-08D7-4924-AB1B-C323D3C36C78}.Release|x64.Build.0 = Release|Any CPU
		{6EC4F2C2-08D7-4924-AB1B-C323D3C36C78}.Release|x86.ActiveCfg = Release|Any CPU
		{6EC4F2C2-08D7-4924-AB1B-C323D3C36C78}.Release|x86.Build.0 = Release|Any CPU
		{1F12CEF7-5DA5-442E-8D77-DA7C31326D12}.Debug|Any CPU.ActiveCfg = Debug|Any CPU
		{1F12CEF7-5DA5-442E-8D77-DA7C31326D12}.Debug|Any CPU.Build.0 = Debug|Any CPU
		{1F12CEF7-5DA5-442E-8D77-DA7C31326D12}.Debug|x64.ActiveCfg = Debug|Any CPU
		{1F12CEF7-5DA5-442E-8D77-DA7C31326D12}.Debug|x64.Build.0 = Debug|Any CPU
		{1F12CEF7-5DA5-442E-8D77-DA7C31326D12}.Debug|x86.ActiveCfg = Debug|Any CPU
		{1F12CEF7-5DA5-442E-8D77-DA7C31326D12}.Debug|x86.Build.0 = Debug|Any CPU
		{1F12CEF7-5DA5-442E-8D77-DA7C31326D12}.Release|Any CPU.ActiveCfg = Release|Any CPU
		{1F12CEF7-5DA5-442E-8D77-DA7C31326D12}.Release|Any CPU.Build.0 = Release|Any CPU
		{1F12CEF7-5DA5-442E-8D77-DA7C31326D12}.Release|x64.ActiveCfg = Release|Any CPU
		{1F12CEF7-5DA5-442E-8D77-DA7C31326D12}.Release|x64.Build.0 = Release|Any CPU
		{1F12CEF7-5DA5-442E-8D77-DA7C31326D12}.Release|x86.ActiveCfg = Release|Any CPU
		{1F12CEF7-5DA5-442E-8D77-DA7C31326D12}.Release|x86.Build.0 = Release|Any CPU
		{3BCF9A48-AE6B-4687-A896-D1B63644AA3A}.Debug|Any CPU.ActiveCfg = Debug|Any CPU
		{3BCF9A48-AE6B-4687-A896-D1B63644AA3A}.Debug|Any CPU.Build.0 = Debug|Any CPU
		{3BCF9A48-AE6B-4687-A896-D1B63644AA3A}.Debug|x64.ActiveCfg = Debug|Any CPU
		{3BCF9A48-AE6B-4687-A896-D1B63644AA3A}.Debug|x64.Build.0 = Debug|Any CPU
		{3BCF9A48-AE6B-4687-A896-D1B63644AA3A}.Debug|x86.ActiveCfg = Debug|Any CPU
		{3BCF9A48-AE6B-4687-A896-D1B63644AA3A}.Debug|x86.Build.0 = Debug|Any CPU
		{3BCF9A48-AE6B-4687-A896-D1B63644AA3A}.Release|Any CPU.ActiveCfg = Release|Any CPU
		{3BCF9A48-AE6B-4687-A896-D1B63644AA3A}.Release|Any CPU.Build.0 = Release|Any CPU
		{3BCF9A48-AE6B-4687-A896-D1B63644AA3A}.Release|x64.ActiveCfg = Release|Any CPU
		{3BCF9A48-AE6B-4687-A896-D1B63644AA3A}.Release|x64.Build.0 = Release|Any CPU
		{3BCF9A48-AE6B-4687-A896-D1B63644AA3A}.Release|x86.ActiveCfg = Release|Any CPU
		{3BCF9A48-AE6B-4687-A896-D1B63644AA3A}.Release|x86.Build.0 = Release|Any CPU
		{5D6B1310-BD12-492A-98C6-4BFEBEBE6243}.Debug|Any CPU.ActiveCfg = Debug|Any CPU
		{5D6B1310-BD12-492A-98C6-4BFEBEBE6243}.Debug|Any CPU.Build.0 = Debug|Any CPU
		{5D6B1310-BD12-492A-98C6-4BFEBEBE6243}.Debug|x64.ActiveCfg = Debug|Any CPU
		{5D6B1310-BD12-492A-98C6-4BFEBEBE6243}.Debug|x64.Build.0 = Debug|Any CPU
		{5D6B1310-BD12-492A-98C6-4BFEBEBE6243}.Debug|x86.ActiveCfg = Debug|Any CPU
		{5D6B1310-BD12-492A-98C6-4BFEBEBE6243}.Debug|x86.Build.0 = Debug|Any CPU
		{5D6B1310-BD12-492A-98C6-4BFEBEBE6243}.Release|Any CPU.ActiveCfg = Release|Any CPU
		{5D6B1310-BD12-492A-98C6-4BFEBEBE6243}.Release|Any CPU.Build.0 = Release|Any CPU
		{5D6B1310-BD12-492A-98C6-4BFEBEBE6243}.Release|x64.ActiveCfg = Release|Any CPU
		{5D6B1310-BD12-492A-98C6-4BFEBEBE6243}.Release|x64.Build.0 = Release|Any CPU
		{5D6B1310-BD12-492A-98C6-4BFEBEBE6243}.Release|x86.ActiveCfg = Release|Any CPU
		{5D6B1310-BD12-492A-98C6-4BFEBEBE6243}.Release|x86.Build.0 = Release|Any CPU
		{EBED4643-A49B-4635-899F-AA21D6241E2F}.Debug|Any CPU.ActiveCfg = Debug|Any CPU
		{EBED4643-A49B-4635-899F-AA21D6241E2F}.Debug|Any CPU.Build.0 = Debug|Any CPU
		{EBED4643-A49B-4635-899F-AA21D6241E2F}.Debug|x64.ActiveCfg = Debug|Any CPU
		{EBED4643-A49B-4635-899F-AA21D6241E2F}.Debug|x64.Build.0 = Debug|Any CPU
		{EBED4643-A49B-4635-899F-AA21D6241E2F}.Debug|x86.ActiveCfg = Debug|Any CPU
		{EBED4643-A49B-4635-899F-AA21D6241E2F}.Debug|x86.Build.0 = Debug|Any CPU
		{EBED4643-A49B-4635-899F-AA21D6241E2F}.Release|Any CPU.ActiveCfg = Release|Any CPU
		{EBED4643-A49B-4635-899F-AA21D6241E2F}.Release|Any CPU.Build.0 = Release|Any CPU
		{EBED4643-A49B-4635-899F-AA21D6241E2F}.Release|x64.ActiveCfg = Release|Any CPU
		{EBED4643-A49B-4635-899F-AA21D6241E2F}.Release|x64.Build.0 = Release|Any CPU
		{EBED4643-A49B-4635-899F-AA21D6241E2F}.Release|x86.ActiveCfg = Release|Any CPU
		{EBED4643-A49B-4635-899F-AA21D6241E2F}.Release|x86.Build.0 = Release|Any CPU
	EndGlobalSection
	GlobalSection(SolutionProperties) = preSolution
		HideSolutionNode = FALSE
	EndGlobalSection
	GlobalSection(NestedProjects) = preSolution
		{561FDD96-01C0-4E6D-858F-80A976D6A0FC} = {E7BDDBC6-9FD1-D1D7-ACD8-2C4F8E3D2461}
		{066C7971-5158-793A-2D8D-AF9DE7EEE7A7} = {5854FF58-B8C5-05C6-5BF2-ACE42193F22B}
		{D23B3814-5E5C-4271-AF94-9929054AF4DA} = {066C7971-5158-793A-2D8D-AF9DE7EEE7A7}
		{432D3BE5-C13A-423D-BADE-728DB2E505E4} = {066C7971-5158-793A-2D8D-AF9DE7EEE7A7}
		{70EF6E2B-9CF0-437F-AF25-703F716895BA} = {066C7971-5158-793A-2D8D-AF9DE7EEE7A7}
		{79D3B062-CCAB-4891-AED9-328629A109C2} = {066C7971-5158-793A-2D8D-AF9DE7EEE7A7}
		{560605E5-F43B-94CD-3659-2347AB439A10} = {5854FF58-B8C5-05C6-5BF2-ACE42193F22B}
		{488C6E63-D3E0-45AA-81A6-132C8F3AC81C} = {560605E5-F43B-94CD-3659-2347AB439A10}
		{3CC7A52D-F609-4CC2-8B8E-0046B500901A} = {560605E5-F43B-94CD-3659-2347AB439A10}
		{9C1D82D4-E7FB-44A0-A89E-B5058D1BC283} = {560605E5-F43B-94CD-3659-2347AB439A10}
		{6AAC2E98-0593-4371-A810-9FB62AF9816C} = {560605E5-F43B-94CD-3659-2347AB439A10}
		{99804AA3-6D1B-C9A5-7FD3-5C029286F222} = {5854FF58-B8C5-05C6-5BF2-ACE42193F22B}
		{6EC4F2C2-08D7-4924-AB1B-C323D3C36C78} = {99804AA3-6D1B-C9A5-7FD3-5C029286F222}
		{1F12CEF7-5DA5-442E-8D77-DA7C31326D12} = {99804AA3-6D1B-C9A5-7FD3-5C029286F222}
		{3BCF9A48-AE6B-4687-A896-D1B63644AA3A} = {99804AA3-6D1B-C9A5-7FD3-5C029286F222}
		{5D6B1310-BD12-492A-98C6-4BFEBEBE6243} = {99804AA3-6D1B-C9A5-7FD3-5C029286F222}
		{EBED4643-A49B-4635-899F-AA21D6241E2F} = {4F52FD11-658E-A102-6CD3-7D7C16FFA15B}
	EndGlobalSection
EndGlobal
